
Microsoft Visual Studio Solution File, Format Version 12.00
# Visual Studio Version 17
VisualStudioVersion = 17.4.33122.133
MinimumVisualStudioVersion = 10.0.40219.1
Project("{FAE04EC0-301F-11D3-BF4B-00C04F79EFBC}") = "Ficheros", "Ficheros\Ficheros.csproj", "{5B83344F-3235-469A-A5F0-2C613088F6F2}"
EndProject
Global
	GlobalSection(SolutionConfigurationPlatforms) = preSolution
		Debug|Any CPU = Debug|Any CPU
		Release|Any CPU = Release|Any CPU
	EndGlobalSection
	GlobalSection(ProjectConfigurationPlatforms) = postSolution
		{5B83344F-3235-469A-A5F0-2C613088F6F2}.Debug|Any CPU.ActiveCfg = Debug|Any CPU
		{5B83344F-3235-469A-A5F0-2C613088F6F2}.Debug|Any CPU.Build.0 = Debug|Any CPU
		{5B83344F-3235-469A-A5F0-2C613088F6F2}.Release|Any CPU.ActiveCfg = Release|Any CPU
		{5B83344F-3235-469A-A5F0-2C613088F6F2}.Release|Any CPU.Build.0 = Release|Any CPU
	EndGlobalSection
	GlobalSection(SolutionProperties) = preSolution
		HideSolutionNode = FALSE
	EndGlobalSection
	GlobalSection(ExtensibilityGlobals) = postSolution
		SolutionGuid = {3C74E7AF-263D-4D18-869E-E1344F0D48A2}
	EndGlobalSection
EndGlobal
