
Microsoft Visual Studio Solution File, Format Version 12.00
# Visual Studio Version 17
VisualStudioVersion = 17.4.33103.184
MinimumVisualStudioVersion = 10.0.40219.1
Project("{FAE04EC0-301F-11D3-BF4B-00C04F79EFBC}") = "P21c", "P21c\P21c.csproj", "{367E0979-D746-4BEE-8B35-72BA1CC820BC}"
EndProject
Global
	GlobalSection(SolutionConfigurationPlatforms) = preSolution
		Debug|Any CPU = Debug|Any CPU
		Release|Any CPU = Release|Any CPU
	EndGlobalSection
	GlobalSection(ProjectConfigurationPlatforms) = postSolution
		{367E0979-D746-4BEE-8B35-72BA1CC820BC}.Debug|Any CPU.ActiveCfg = Debug|Any CPU
		{367E0979-D746-4BEE-8B35-72BA1CC820BC}.Debug|Any CPU.Build.0 = Debug|Any CPU
		{367E0979-D746-4BEE-8B35-72BA1CC820BC}.Release|Any CPU.ActiveCfg = Release|Any CPU
		{367E0979-D746-4BEE-8B35-72BA1CC820BC}.Release|Any CPU.Build.0 = Release|Any CPU
	EndGlobalSection
	GlobalSection(SolutionProperties) = preSolution
		HideSolutionNode = FALSE
	EndGlobalSection
	GlobalSection(ExtensibilityGlobals) = postSolution
		SolutionGuid = {EC092782-91FB-4EA3-8DEB-CB5FC6FD0DDD}
	EndGlobalSection
EndGlobal
