
Microsoft Visual Studio Solution File, Format Version 12.00
# Visual Studio Version 17
VisualStudioVersion = 17.4.33103.184
MinimumVisualStudioVersion = 10.0.40219.1
Project("{FAE04EC0-301F-11D3-BF4B-00C04F79EFBC}") = "Entrenamiento con vectores", "Entrenamiento con vectores\Entrenamiento con vectores.csproj", "{FF947351-53E6-42D3-8CC0-ACF68B829404}"
EndProject
Global
	GlobalSection(SolutionConfigurationPlatforms) = preSolution
		Debug|Any CPU = Debug|Any CPU
		Release|Any CPU = Release|Any CPU
	EndGlobalSection
	GlobalSection(ProjectConfigurationPlatforms) = postSolution
		{FF947351-53E6-42D3-8CC0-ACF68B829404}.Debug|Any CPU.ActiveCfg = Debug|Any CPU
		{FF947351-53E6-42D3-8CC0-ACF68B829404}.Debug|Any CPU.Build.0 = Debug|Any CPU
		{FF947351-53E6-42D3-8CC0-ACF68B829404}.Release|Any CPU.ActiveCfg = Release|Any CPU
		{FF947351-53E6-42D3-8CC0-ACF68B829404}.Release|Any CPU.Build.0 = Release|Any CPU
	EndGlobalSection
	GlobalSection(SolutionProperties) = preSolution
		HideSolutionNode = FALSE
	EndGlobalSection
	GlobalSection(ExtensibilityGlobals) = postSolution
		SolutionGuid = {0894CA2C-6DF6-4F71-8FEC-9EBEBCF5A9A5}
	EndGlobalSection
EndGlobal
