
Microsoft Visual Studio Solution File, Format Version 12.00
# Visual Studio Version 17
VisualStudioVersion = 17.4.33103.184
MinimumVisualStudioVersion = 10.0.40219.1
Project("{FAE04EC0-301F-11D3-BF4B-00C04F79EFBC}") = "P21b2", "P21b2\P21b2.csproj", "{65C5BEB8-8EFD-4BC2-870C-79CC4F9727A0}"
EndProject
Global
	GlobalSection(SolutionConfigurationPlatforms) = preSolution
		Debug|Any CPU = Debug|Any CPU
		Release|Any CPU = Release|Any CPU
	EndGlobalSection
	GlobalSection(ProjectConfigurationPlatforms) = postSolution
		{65C5BEB8-8EFD-4BC2-870C-79CC4F9727A0}.Debug|Any CPU.ActiveCfg = Debug|Any CPU
		{65C5BEB8-8EFD-4BC2-870C-79CC4F9727A0}.Debug|Any CPU.Build.0 = Debug|Any CPU
		{65C5BEB8-8EFD-4BC2-870C-79CC4F9727A0}.Release|Any CPU.ActiveCfg = Release|Any CPU
		{65C5BEB8-8EFD-4BC2-870C-79CC4F9727A0}.Release|Any CPU.Build.0 = Release|Any CPU
	EndGlobalSection
	GlobalSection(SolutionProperties) = preSolution
		HideSolutionNode = FALSE
	EndGlobalSection
	GlobalSection(ExtensibilityGlobals) = postSolution
		SolutionGuid = {B41D8467-C88D-44B2-8A22-99D38C0AC847}
	EndGlobalSection
EndGlobal
