
Microsoft Visual Studio Solution File, Format Version 12.00
# Visual Studio Version 17
VisualStudioVersion = 17.4.33103.184
MinimumVisualStudioVersion = 10.0.40219.1
Project("{FAE04EC0-301F-11D3-BF4B-00C04F79EFBC}") = "P22d", "P22d\P22d.csproj", "{06219265-AD16-49AB-81E7-188132B6497F}"
EndProject
Global
	GlobalSection(SolutionConfigurationPlatforms) = preSolution
		Debug|Any CPU = Debug|Any CPU
		Release|Any CPU = Release|Any CPU
	EndGlobalSection
	GlobalSection(ProjectConfigurationPlatforms) = postSolution
		{06219265-AD16-49AB-81E7-188132B6497F}.Debug|Any CPU.ActiveCfg = Debug|Any CPU
		{06219265-AD16-49AB-81E7-188132B6497F}.Debug|Any CPU.Build.0 = Debug|Any CPU
		{06219265-AD16-49AB-81E7-188132B6497F}.Release|Any CPU.ActiveCfg = Release|Any CPU
		{06219265-AD16-49AB-81E7-188132B6497F}.Release|Any CPU.Build.0 = Release|Any CPU
	EndGlobalSection
	GlobalSection(SolutionProperties) = preSolution
		HideSolutionNode = FALSE
	EndGlobalSection
	GlobalSection(ExtensibilityGlobals) = postSolution
		SolutionGuid = {E1B19BFB-A6FB-4E86-BA30-96AF9AEAE511}
	EndGlobalSection
EndGlobal
