
Microsoft Visual Studio Solution File, Format Version 12.00
# Visual Studio Version 17
VisualStudioVersion = 17.4.33103.184
MinimumVisualStudioVersion = 10.0.40219.1
Project("{FAE04EC0-301F-11D3-BF4B-00C04F79EFBC}") = "MejoraDel23", "MejoraDel23\MejoraDel23.csproj", "{3C1E8AED-8E35-4470-8E13-9BFE71B90022}"
EndProject
Global
	GlobalSection(SolutionConfigurationPlatforms) = preSolution
		Debug|Any CPU = Debug|Any CPU
		Release|Any CPU = Release|Any CPU
	EndGlobalSection
	GlobalSection(ProjectConfigurationPlatforms) = postSolution
		{3C1E8AED-8E35-4470-8E13-9BFE71B90022}.Debug|Any CPU.ActiveCfg = Debug|Any CPU
		{3C1E8AED-8E35-4470-8E13-9BFE71B90022}.Debug|Any CPU.Build.0 = Debug|Any CPU
		{3C1E8AED-8E35-4470-8E13-9BFE71B90022}.Release|Any CPU.ActiveCfg = Release|Any CPU
		{3C1E8AED-8E35-4470-8E13-9BFE71B90022}.Release|Any CPU.Build.0 = Release|Any CPU
	EndGlobalSection
	GlobalSection(SolutionProperties) = preSolution
		HideSolutionNode = FALSE
	EndGlobalSection
	GlobalSection(ExtensibilityGlobals) = postSolution
		SolutionGuid = {3734B5E8-BA21-4004-9D0D-5D7F43D52BAC}
	EndGlobalSection
EndGlobal
